github.com/QsanJohnson/goiscsi v0.0.0-20221104084900-a3018ed200aa h1:W7C4ISKo0gJYOGLeVzFWmpeJ37d+3fSsSU0Mr3M3tjo=
github.com/QsanJohnson/goiscsi v0.0.0-20221104084900-a3018ed200aa/go.mod h1:xEiJTruEWPPSRHh6+kOPaSn18AyjMY4iICYsv3p4oQs=
github.com/QsanJohnson/goiscsi v0.0.0-20221108055715-70ea299acc45 h1:vAvBDtHdKhn8FVLAbHvIZvorGkzPs9dXiWHyGq+ekhs=
github.com/QsanJohnson/goiscsi v0.0.0-20221108055715-70ea299acc45/go.mod h1:xEiJTruEWPPSRHh6+kOPaSn18AyjMY4iICYsv3p4oQs=
github.com/QsanJohnson/goiscsi v0.0.0-20221114054652-0b15cbf5de23 h1:8SjJgQOtVRdFk2PyPphzd2icHdrdfUeQ1MaqSwRZHBQ=
github.com/QsanJohnson/goiscsi v0.0.0-20221114054652-0b15cbf5de23/go.mod h1:xEiJTruEWPPSRHh6+kOPaSn18AyjMY4iICYsv3p4oQs=
github.com/QsanJohnson/goiscsi v0.0.0-20221116105758-1982aa82a349 h1:aie/71jKcrTAp+Eezb0h0aWbJwweiZ9DiOwmQLcFtcU=
github.com/QsanJohnson/goiscsi v0.0.0-20221116105758-1982aa82a349/go.mod h1:xEiJTruEWPPSRHh6+kOPaSn18AyjMY4iICYsv3p4oQs=
github.com/QsanJohnson/goqsan v0.0.0-20221104055742-3bc970a88945 h1:5CaVePSRWxD3xfr/S7WLj7bKYeDuEccVoG0n+NPSFrg=
github.com/QsanJohnson/goqsan v0.0.0-20221104055742-3bc970a88945/go.mod h1:UAzQj4mGPmSqwzshjSLh37/k9neZ9Hmv76TF/JH/lIA=
github.com/QsanJohnson/goqsan v0.0.0-20221108090023-32888c1a694e h1:/XTEVML9OOrNLVUodo/GXPJA8aoCqf3jcZQci5rGTqk=
github.com/QsanJohnson/goqsan v0.0.0-20221108090023-32888c1a694e/go.mod h1:UAzQj4mGPmSqwzshjSLh37/k9neZ9Hmv76TF/JH/lIA=
github.com/QsanJohnson/goqsan v0.0.0-20221114013342-cec35ff22684 h1:lDYx+hx8+MgxDXtoKuzUhXZOAyu2aDtsOWuDMc1DAns=
github.com/QsanJohnson/goqsan v0.0.0-20221114013342-cec35ff22684/go.mod h1:UAzQj4mGPmSqwzshjSLh37/k9neZ9Hmv76TF/JH/lIA=
github.com/QsanJohnson/goqsan v0.0.0-20221114084425-5c099d75ac8d h1:LQsyUsM0/aMVNtNdPOFDiVcfcXEzh34ObMCgCU6sg0E=
github.com/QsanJohnson/goqsan v0.0.0-20221114084425-5c099d75ac8d/go.mod h1:UAzQj4mGPmSqwzshjSLh37/k9neZ9Hmv76TF/JH/lIA=
github.com/QsanJohnson/goqsan v0.0.0-20221116112925-e67ac2f4d3b4 h1:UokfS7wMXzz9M/d6KuWg28Wh408z4ITjmL8DLqusT38=
github.com/QsanJohnson/goqsan v0.0.0-20221116112925-e67ac2f4d3b4/go.mod h1:UAzQj4mGPmSqwzshjSLh37/k9neZ9Hmv76TF/JH/lIA=
github.com/davecgh/go-spew v1.1.0/go.mod h1:J7Y8YcW2NihsgmVo/mv3lAwl/skON4iLHjSsI+c5H38=
github.com/davecgh/go-spew v1.1.1/go.mod h1:J7Y8YcW2NihsgmVo/mv3lAwl/skON4iLHjSsI+c5H38=
github.com/go-logr/logr v0.1.0/go.mod h1:ixOQHD9gLJUVQQ2ZOR7zLEifBX6tGkNJF4QyIY7sIas=
github.com/go-logr/logr v1.2.0 h1:QK40JKJyMdUDz+h+xvCsru/bJhvG0UxvePV0ufL/AcE=
github.com/go-logr/logr v1.2.0/go.mod h1:jdQByPbusPIv2/zmleS9BjJVeZ6kBagPoEUsqbVz/1A=
github.com/go-logr/logr v1.2.3 h1:2DntVwHkVopvECVRSlL5PSo9eG+cAkDCuckLubN+rq0=
github.com/go-logr/logr v1.2.3/go.mod h1:jdQByPbusPIv2/zmleS9BjJVeZ6kBagPoEUsqbVz/1A=
github.com/golang/glog v1.0.0 h1:nfP3RFugxnNRyKgeWd4oI1nYvXpxrx8ck8ZrcizshdQ=
github.com/golang/glog v1.0.0/go.mod h1:EWib/APOK0SL3dFbYqvxE3UYd8E6s1ouQ7iEp/0LWV4=
github.com/moby/sys/mountinfo v0.6.0 h1:gUDhXQx58YNrpHlK4nSL+7y2pxFZkUcXqzFDKWdC0Oo=
github.com/moby/sys/mountinfo v0.6.0/go.mod h1:3bMD3Rg+zkqx8MRYPi7Pyb0Ie97QEBmdxbhnCLlSvSU=
github.com/pmezard/go-difflib v1.0.0/go.mod h1:iKH77koFhYxTK1pcRnkKkqfTogsbg7gZNVY4sRDYZ/4=
github.com/spf13/afero v1.2.2/go.mod h1:9ZxEEn6pIJ8Rxe320qSDBk6AsU0r9pR7Q4OcevTdifk=
github.com/stretchr/objx v0.1.0/go.mod h1:HFkY916IF+rwdDfMAkV7OtwuqBVzrE8GR6GFx+wExME=
github.com/stretchr/testify v1.3.0/go.mod h1:M5WIy9Dh21IEIfnGCwXGc5bZfKNJtfHm1UVUgZn+9EI=
golang.org/x/sys v0.0.0-20211025201205-69cdffdb9359/go.mod h1:oPkhp1MJrh7nUepCBck5+mAzfO9JrbApNNgaTdGDITg=
golang.org/x/sys v0.0.0-20220722155257-8c9f86f7a55f h1:v4INt8xihDGvnrfjMDVXGxw9wrfxYyCjk0KbXjhR55s=
golang.org/x/sys v0.0.0-20220722155257-8c9f86f7a55f/go.mod h1:oPkhp1MJrh7nUepCBck5+mAzfO9JrbApNNgaTdGDITg=
golang.org/x/text v0.3.0/go.mod h1:NqM8EUOU14njkJ3fqMW+pc6Ldnwhi/IjpwHt7yyuwOQ=
k8s.io/klog v1.0.0 h1:Pt+yjF5aB1xDSVbau4VsWe+dQNzA0qv1LlXdC2dF6Q8=
k8s.io/klog v1.0.0/go.mod h1:4Bi6QPql/J/LkTDqv7R/cd3hPo4k2DG6Ptcz060Ez5I=
k8s.io/klog/v2 v2.0.0/go.mod h1:PBfzABfn139FHAV07az/IF9Wp1bkk3vpT2XSJ76fSDE=
k8s.io/klog/v2 v2.80.1 h1:atnLQ121W371wYYFawwYx1aEY2eUfs4l3J72wtgAwV4=
k8s.io/klog/v2 v2.80.1/go.mod h1:y1WjHnz7Dj687irZUWR/WLkLc5N1YHtjLdmgWjndZn0=
k8s.io/mount-utils v0.25.4 h1:+j1GBo6rH6sM1GvOI4jcu1IpjA5WssuwW7UEkQevaTU=
k8s.io/mount-utils v0.25.4/go.mod h1:odpFnGwJfFjN3SRnjfGS0902ubcj/W6hDOrNDmSSINo=
k8s.io/utils v0.0.0-20220728103510-ee6ede2d64ed h1:jAne/RjBTyawwAy0utX5eqigAwz/lQhTmy+Hr/Cpue4=
k8s.io/utils v0.0.0-20220728103510-ee6ede2d64ed/go.mod h1:jPW/WVKK9YHAvNhRxK0md/EJ228hCsBRufyofKtW8HA=
